
Microsoft Visual Studio Solution File, Format Version 12.00
# Visual Studio 15
Project("{FAE04EC0-301F-11D3-BF4B-00C04F79EFBC}") = "SulamNemrac", "Assembly-CSharp.csproj", "{B374815F-7CA0-AA93-7236-86F41E65CA0F}"
EndProject
Project("{FAE04EC0-301F-11D3-BF4B-00C04F79EFBC}") = "SulamNemrac", "Assembly-CSharp-Editor.csproj", "{3FA5DCDE-3D8E-B049-C9F8-D1258A4A3058}"
EndProject
Global
	GlobalSection(SolutionConfigurationPlatforms) = preSolution
		Debug|Any CPU = Debug|Any CPU
		Release|Any CPU = Release|Any CPU
	EndGlobalSection
	GlobalSection(ProjectConfigurationPlatforms) = postSolution
		{B374815F-7CA0-AA93-7236-86F41E65CA0F}.Debug|Any CPU.ActiveCfg = Debug|Any CPU
		{B374815F-7CA0-AA93-7236-86F41E65CA0F}.Debug|Any CPU.Build.0 = Debug|Any CPU
		{B374815F-7CA0-AA93-7236-86F41E65CA0F}.Release|Any CPU.ActiveCfg = Release|Any CPU
		{B374815F-7CA0-AA93-7236-86F41E65CA0F}.Release|Any CPU.Build.0 = Release|Any CPU
		{3FA5DCDE-3D8E-B049-C9F8-D1258A4A3058}.Debug|Any CPU.ActiveCfg = Debug|Any CPU
		{3FA5DCDE-3D8E-B049-C9F8-D1258A4A3058}.Debug|Any CPU.Build.0 = Debug|Any CPU
		{3FA5DCDE-3D8E-B049-C9F8-D1258A4A3058}.Release|Any CPU.ActiveCfg = Release|Any CPU
		{3FA5DCDE-3D8E-B049-C9F8-D1258A4A3058}.Release|Any CPU.Build.0 = Release|Any CPU
	EndGlobalSection
	GlobalSection(SolutionProperties) = preSolution
		HideSolutionNode = FALSE
	EndGlobalSection
EndGlobal
